
Microsoft Visual Studio Solution File, Format Version 12.00
# Visual Studio 15
VisualStudioVersion = 15.0.28307.779
MinimumVisualStudioVersion = 10.0.40219.1
Project("{8BC9CEB8-8B4A-11D0-8D11-00A0C91BC942}") = "CommandClient", "CommandClient\CommandClient.vcxproj", "{1BA99095-0DBB-49AD-9184-F4BBC8514DC8}"
EndProject
Project("{8BC9CEB8-8B4A-11D0-8D11-00A0C91BC942}") = "CommandServer", "CommandServer\CommandServer.vcxproj", "{DFA2886A-0DAA-4CF9-8160-0E6578697EC5}"
EndProject
Global
	GlobalSection(SolutionConfigurationPlatforms) = preSolution
		Debug|x64 = Debug|x64
		Debug|x86 = Debug|x86
		Release|x64 = Release|x64
		Release|x86 = Release|x86
	EndGlobalSection
	GlobalSection(ProjectConfigurationPlatforms) = postSolution
		{1BA99095-0DBB-49AD-9184-F4BBC8514DC8}.Debug|x64.ActiveCfg = Debug|x64
		{1BA99095-0DBB-49AD-9184-F4BBC8514DC8}.Debug|x64.Build.0 = Debug|x64
		{1BA99095-0DBB-49AD-9184-F4BBC8514DC8}.Debug|x86.ActiveCfg = Debug|Win32
		{1BA99095-0DBB-49AD-9184-F4BBC8514DC8}.Debug|x86.Build.0 = Debug|Win32
		{1BA99095-0DBB-49AD-9184-F4BBC8514DC8}.Release|x64.ActiveCfg = Release|x64
		{1BA99095-0DBB-49AD-9184-F4BBC8514DC8}.Release|x64.Build.0 = Release|x64
		{1BA99095-0DBB-49AD-9184-F4BBC8514DC8}.Release|x86.ActiveCfg = Release|Win32
		{1BA99095-0DBB-49AD-9184-F4BBC8514DC8}.Release|x86.Build.0 = Release|Win32
		{DFA2886A-0DAA-4CF9-8160-0E6578697EC5}.Debug|x64.ActiveCfg = Debug|x64
		{DFA2886A-0DAA-4CF9-8160-0E6578697EC5}.Debug|x64.Build.0 = Debug|x64
		{DFA2886A-0DAA-4CF9-8160-0E6578697EC5}.Debug|x86.ActiveCfg = Debug|Win32
		{DFA2886A-0DAA-4CF9-8160-0E6578697EC5}.Debug|x86.Build.0 = Debug|Win32
		{DFA2886A-0DAA-4CF9-8160-0E6578697EC5}.Release|x64.ActiveCfg = Release|x64
		{DFA2886A-0DAA-4CF9-8160-0E6578697EC5}.Release|x64.Build.0 = Release|x64
		{DFA2886A-0DAA-4CF9-8160-0E6578697EC5}.Release|x86.ActiveCfg = Release|Win32
		{DFA2886A-0DAA-4CF9-8160-0E6578697EC5}.Release|x86.Build.0 = Release|Win32
	EndGlobalSection
	GlobalSection(SolutionProperties) = preSolution
		HideSolutionNode = FALSE
	EndGlobalSection
	GlobalSection(ExtensibilityGlobals) = postSolution
		SolutionGuid = {3AA0DC9B-85F8-4E3F-88ED-92362E97FC28}
	EndGlobalSection
EndGlobal
